
Microsoft Visual Studio Solution File, Format Version 12.00
# Visual Studio Version 16
VisualStudioVersion = 16.0.30907.101
MinimumVisualStudioVersion = 10.0.40219.1
Project("{FAE04EC0-301F-11D3-BF4B-00C04F79EFBC}") = "data processing software", "data processing software\data processing software.csproj", "{C4E936F1-1DAB-4E4A-A1D6-0BA2A53C2211}"
EndProject
Global
	GlobalSection(SolutionConfigurationPlatforms) = preSolution
		Debug|Any CPU = Debug|Any CPU
		Release|Any CPU = Release|Any CPU
	EndGlobalSection
	GlobalSection(ProjectConfigurationPlatforms) = postSolution
		{C4E936F1-1DAB-4E4A-A1D6-0BA2A53C2211}.Debug|Any CPU.ActiveCfg = Debug|Any CPU
		{C4E936F1-1DAB-4E4A-A1D6-0BA2A53C2211}.Debug|Any CPU.Build.0 = Debug|Any CPU
		{C4E936F1-1DAB-4E4A-A1D6-0BA2A53C2211}.Release|Any CPU.ActiveCfg = Release|Any CPU
		{C4E936F1-1DAB-4E4A-A1D6-0BA2A53C2211}.Release|Any CPU.Build.0 = Release|Any CPU
	EndGlobalSection
	GlobalSection(SolutionProperties) = preSolution
		HideSolutionNode = FALSE
	EndGlobalSection
	GlobalSection(ExtensibilityGlobals) = postSolution
		SolutionGuid = {5FC56BFE-5A82-4040-AB6D-49263421F1AB}
	EndGlobalSection
EndGlobal
